
Microsoft Visual Studio Solution File, Format Version 12.00
# Visual Studio Version 17
VisualStudioVersion = 17.9.34607.119
MinimumVisualStudioVersion = 10.0.40219.1
Project("{9A19103F-16F7-4668-BE54-9A1E7A4F7556}") = "MyPage", "MyPage\MyPage.csproj", "{56143F3D-5BE2-4ABF-973A-15C4BDF15401}"
EndProject
Project("{9A19103F-16F7-4668-BE54-9A1E7A4F7556}") = "BookLibrary", "BookLibrary\BookLibrary.csproj", "{9766C1A4-4E43-436A-90E4-17AA5C7807A0}"
EndProject
Project("{9A19103F-16F7-4668-BE54-9A1E7A4F7556}") = "StudentCard", "StudentCard\StudentCard.csproj", "{88DF646C-A1BB-4D4C-9B99-C8CE4987860E}"
EndProject
Project("{FAE04EC0-301F-11D3-BF4B-00C04F79EFBC}") = "ToDo", "ToDo\ToDo.csproj", "{D434A1E1-9CFC-466E-B6BE-D2E4496DC5DB}"
EndProject
Global
	GlobalSection(SolutionConfigurationPlatforms) = preSolution
		Debug|Any CPU = Debug|Any CPU
		Release|Any CPU = Release|Any CPU
	EndGlobalSection
	GlobalSection(ProjectConfigurationPlatforms) = postSolution
		{56143F3D-5BE2-4ABF-973A-15C4BDF15401}.Debug|Any CPU.ActiveCfg = Debug|Any CPU
		{56143F3D-5BE2-4ABF-973A-15C4BDF15401}.Debug|Any CPU.Build.0 = Debug|Any CPU
		{56143F3D-5BE2-4ABF-973A-15C4BDF15401}.Release|Any CPU.ActiveCfg = Release|Any CPU
		{56143F3D-5BE2-4ABF-973A-15C4BDF15401}.Release|Any CPU.Build.0 = Release|Any CPU
		{9766C1A4-4E43-436A-90E4-17AA5C7807A0}.Debug|Any CPU.ActiveCfg = Debug|Any CPU
		{9766C1A4-4E43-436A-90E4-17AA5C7807A0}.Debug|Any CPU.Build.0 = Debug|Any CPU
		{9766C1A4-4E43-436A-90E4-17AA5C7807A0}.Release|Any CPU.ActiveCfg = Release|Any CPU
		{9766C1A4-4E43-436A-90E4-17AA5C7807A0}.Release|Any CPU.Build.0 = Release|Any CPU
		{88DF646C-A1BB-4D4C-9B99-C8CE4987860E}.Debug|Any CPU.ActiveCfg = Debug|Any CPU
		{88DF646C-A1BB-4D4C-9B99-C8CE4987860E}.Debug|Any CPU.Build.0 = Debug|Any CPU
		{88DF646C-A1BB-4D4C-9B99-C8CE4987860E}.Release|Any CPU.ActiveCfg = Release|Any CPU
		{88DF646C-A1BB-4D4C-9B99-C8CE4987860E}.Release|Any CPU.Build.0 = Release|Any CPU
		{D434A1E1-9CFC-466E-B6BE-D2E4496DC5DB}.Debug|Any CPU.ActiveCfg = Debug|Any CPU
		{D434A1E1-9CFC-466E-B6BE-D2E4496DC5DB}.Debug|Any CPU.Build.0 = Debug|Any CPU
		{D434A1E1-9CFC-466E-B6BE-D2E4496DC5DB}.Release|Any CPU.ActiveCfg = Release|Any CPU
		{D434A1E1-9CFC-466E-B6BE-D2E4496DC5DB}.Release|Any CPU.Build.0 = Release|Any CPU
	EndGlobalSection
	GlobalSection(SolutionProperties) = preSolution
		HideSolutionNode = FALSE
	EndGlobalSection
	GlobalSection(ExtensibilityGlobals) = postSolution
		SolutionGuid = {E02BF526-9D6D-4EF3-815D-C68B1D64FCAC}
	EndGlobalSection
EndGlobal
